<?xml version="1.0" encoding="UTF-8" standalone="yes" ?>
<CodeBlocks_project_file>
	<FileVersion major="1" minor="6" />
	<Project>
		<Option title="Fabian" />
		<Option pch_mode="2" />
		<Option compiler="gcc" />
		<Build>
			<Target title="Debug">
				<Option output="Debug/bin/Fabian" imp_lib="$(TARGET_OUTPUT_DIR)$(TARGET_OUTPUT_BASENAME).a" def_file="$(TARGET_OUTPUT_DIR)$(TARGET_OUTPUT_BASENAME).def" prefix_auto="0" extension_auto="1" />
				<Option object_output="Debug/obj/" />
				<Option type="3" />
				<Option compiler="gcc" />
				<Option createStaticLib="1" />
				<Compiler>
					<Add option="-std=c++11" />
					<Add option="-g" />
					<Add option="-fPIC" />
					<Add option="-D_DEBUG" />
					<Add directory="../../External/sdl2/include" />
				</Compiler>
				<Linker>
					<Add option="-lSDL2" />
					<Add option="-lSDL2main" />
					<Add option="-ldl" />
				</Linker>
			</Target>
			<Target title="Release">
				<Option output="Release/bin/Fabian" imp_lib="$(TARGET_OUTPUT_DIR)$(TARGET_OUTPUT_BASENAME).a" def_file="$(TARGET_OUTPUT_DIR)$(TARGET_OUTPUT_BASENAME).def" prefix_auto="0" extension_auto="1" />
				<Option object_output="Release/obj/" />
				<Option type="3" />
				<Option compiler="gcc" />
				<Option createStaticLib="1" />
				<Compiler>
					<Add option="-O2" />
					<Add option="-std=c++11" />
					<Add option="-fPIC" />
					<Add directory="../../External/sdl2/include" />
				</Compiler>
				<Linker>
					<Add option="-s" />
					<Add option="-lSDL2" />
					<Add option="-lSDL2main" />
					<Add option="-ldl" />
				</Linker>
			</Target>
		</Build>
		<Compiler>
			<Add option="-Wall" />
		</Compiler>
		<Unit filename="CCompBase.hpp" />
		<Unit filename="CCompCamera.hpp" />
		<Unit filename="CCompControl.hpp" />
		<Unit filename="CCompModel.hpp" />
		<Unit filename="CContentManager.cpp" />
		<Unit filename="CContentManager.h" />
		<Unit filename="CGameObject.hpp" />
		<Unit filename="CGlobalAccessor.cpp" />
		<Unit filename="CGlobalAccessor.h" />
		<Unit filename="CKernel.cpp" />
		<Unit filename="CKernel.h" />
		<Unit filename="CLibrary.cpp" />
		<Unit filename="CLibrary.h" />
		<Unit filename="CLibrary.hpp" />
		<Unit filename="CLibraryLoader.cpp" />
		<Unit filename="CLibraryLoader.h" />
		<Unit filename="CLog.cpp" />
		<Unit filename="CLog.h" />
		<Unit filename="CLoggerMultiple.cpp" />
		<Unit filename="CLoggerMultiple.h" />
		<Unit filename="CLoggerToConsole.cpp" />
		<Unit filename="CLoggerToConsole.h" />
		<Unit filename="CLoggerToFiles.cpp" />
		<Unit filename="CLoggerToFiles.h" />
		<Unit filename="CMatDifTexture.cpp" />
		<Unit filename="CMatDifTexture.h" />
		<Unit filename="CServiceBase.h" />
		<Unit filename="CServiceBase.hpp" />
		<Unit filename="CTransform.hpp" />
		<Unit filename="Console/ConsoleColor.h" />
		<Unit filename="Console/console.cpp" />
		<Unit filename="Console/console.h" />
		<Unit filename="Console/keys.h" />
		<Unit filename="DataStructures.h" />
		<Unit filename="Fabian.cpp" />
		<Unit filename="Fabian.h" />
		<Unit filename="FabianDef.h" />
		<Unit filename="HCompiling.cpp" />
		<Unit filename="ICamera.h" />
		<Unit filename="IComponent.h" />
		<Unit filename="IContentManager.h" />
		<Unit filename="IGlobalAccessor.h" />
		<Unit filename="IImage.h" />
		<Unit filename="IInput.h" />
		<Unit filename="IKernel.h" />
		<Unit filename="ILogger.h" />
		<Unit filename="IMaterial.h" />
		<Unit filename="IMesh.h" />
		<Unit filename="IRenderer.h" />
		<Unit filename="IService.h" />
		<Unit filename="IShader.h" />
		<Unit filename="InputDef.h" />
		<Unit filename="LogDef.h" />
		<Unit filename="ServiceMsg.h" />
		<Extensions>
			<code_completion />
			<debugger />
		</Extensions>
	</Project>
</CodeBlocks_project_file>
