<?xml version="1.0" encoding="utf-8"?>
<Project ToolsVersion="4.0" xmlns="http://schemas.microsoft.com/developer/msbuild/2003">
  <ItemGroup>
    <Filter Include="Resource Files">
      <UniqueIdentifier>{67DA6AB6-F800-4c08-8B7A-83BB121AAD01}</UniqueIdentifier>
      <Extensions>rc;ico;cur;bmp;dlg;rc2;rct;bin;rgs;gif;jpg;jpeg;jpe;resx;tiff;tif;png;wav;mfcribbon-ms</Extensions>
    </Filter>
    <Filter Include="Engine Files">
      <UniqueIdentifier>{4FC737F1-C7A5-4376-A066-2A32D752A2FF}</UniqueIdentifier>
      <Extensions>cpp;c;cc;cxx;def;odl;idl;hpj;bat;asm;asmx</Extensions>
    </Filter>
    <Filter Include="Game Files">
      <UniqueIdentifier>{93995380-89BD-4b04-88EB-625FBE52EBFB}</UniqueIdentifier>
      <Extensions>h;hpp;hxx;hm;inl;inc;xsd</Extensions>
    </Filter>
  </ItemGroup>
  <ItemGroup>
    <ClInclude Include="CKernel.h">
      <Filter>Engine Files</Filter>
    </ClInclude>
    <ClInclude Include="IService.h">
      <Filter>Engine Files</Filter>
    </ClInclude>
    <ClInclude Include="FabianDef.h">
      <Filter>Engine Files</Filter>
    </ClInclude>
    <ClInclude Include="CApplication.h">
      <Filter>Game Files</Filter>
    </ClInclude>
    <ClInclude Include="CServiceMessageLoop.h">
      <Filter>Engine Files</Filter>
    </ClInclude>
    <ClInclude Include="CServiceVideoUpdate.h">
      <Filter>Engine Files</Filter>
    </ClInclude>
    <ClInclude Include="CServiceTimer.h">
      <Filter>Engine Files</Filter>
    </ClInclude>
  </ItemGroup>
  <ItemGroup>
    <ClCompile Include="CKernel.cpp">
      <Filter>Engine Files</Filter>
    </ClCompile>
    <ClCompile Include="IService.cpp">
      <Filter>Engine Files</Filter>
    </ClCompile>
    <ClCompile Include="Main.cpp">
      <Filter>Game Files</Filter>
    </ClCompile>
    <ClCompile Include="CApplication.cpp">
      <Filter>Game Files</Filter>
    </ClCompile>
    <ClCompile Include="CServiceMessageLoop.cpp">
      <Filter>Engine Files</Filter>
    </ClCompile>
    <ClCompile Include="CServiceVideoUpdate.cpp">
      <Filter>Engine Files</Filter>
    </ClCompile>
    <ClCompile Include="CServiceTimer.cpp">
      <Filter>Engine Files</Filter>
    </ClCompile>
  </ItemGroup>
</Project>