<?xml version="1.0" encoding="utf-8"?>
<Project ToolsVersion="4.0" xmlns="http://schemas.microsoft.com/developer/msbuild/2003">
  <ItemGroup>
    <Filter Include="Input">
      <UniqueIdentifier>{d4f5ec71-3a4f-47fa-ade5-b2aedd343e3e}</UniqueIdentifier>
    </Filter>
    <Filter Include="LibraryLoader">
      <UniqueIdentifier>{5b5e2cb1-999e-4a89-87c2-9d299f1c1a6c}</UniqueIdentifier>
    </Filter>
    <Filter Include="Logging">
      <UniqueIdentifier>{5cfb219e-e933-45b8-9dec-f4b5defe39f2}</UniqueIdentifier>
    </Filter>
    <Filter Include="Logging\Loggers">
      <UniqueIdentifier>{3b13b46d-4b2e-45e0-aba7-c9f770f303f7}</UniqueIdentifier>
    </Filter>
    <Filter Include="Logging\Loggers\Console">
      <UniqueIdentifier>{bc932626-f237-41d5-aaf1-7624d0f1a279}</UniqueIdentifier>
    </Filter>
    <Filter Include="Services">
      <UniqueIdentifier>{0c9e9e67-d1c2-4c42-b07e-8e8f1ce2450f}</UniqueIdentifier>
    </Filter>
    <Filter Include="Video">
      <UniqueIdentifier>{6c8fff41-8a4d-430f-86f9-c28fc0af950b}</UniqueIdentifier>
    </Filter>
  </ItemGroup>
  <ItemGroup>
    <ClInclude Include="IInput.h">
      <Filter>Input</Filter>
    </ClInclude>
    <ClInclude Include="InputDef.h">
      <Filter>Input</Filter>
    </ClInclude>
    <ClInclude Include="IShader.h">
      <Filter>Video</Filter>
    </ClInclude>
    <ClInclude Include="IMesh.h">
      <Filter>Video</Filter>
    </ClInclude>
    <ClInclude Include="IRenderer.h">
      <Filter>Video</Filter>
    </ClInclude>
    <ClInclude Include="CLibraryLoader.h">
      <Filter>LibraryLoader</Filter>
    </ClInclude>
    <ClInclude Include="CLibrary.h">
      <Filter>LibraryLoader</Filter>
    </ClInclude>
    <ClInclude Include="CLog.h">
      <Filter>Logging</Filter>
    </ClInclude>
    <ClInclude Include="ILogger.h">
      <Filter>Logging</Filter>
    </ClInclude>
    <ClInclude Include="DataStructures.h">
      <Filter>Video</Filter>
    </ClInclude>
    <ClInclude Include="IImage.h">
      <Filter>Video</Filter>
    </ClInclude>
    <ClInclude Include="IMaterial.h">
      <Filter>Video</Filter>
    </ClInclude>
    <ClInclude Include="ICamera.h">
      <Filter>Video</Filter>
    </ClInclude>
    <ClInclude Include="ServiceMsg.h">
      <Filter>Services</Filter>
    </ClInclude>
    <ClInclude Include="IService.h">
      <Filter>Services</Filter>
    </ClInclude>
    <ClInclude Include="CServiceBase.h">
      <Filter>Services</Filter>
    </ClInclude>
    <ClInclude Include="LogDef.h">
      <Filter>Logging</Filter>
    </ClInclude>
    <ClInclude Include="CLibrary.hpp">
      <Filter>LibraryLoader</Filter>
    </ClInclude>
    <ClInclude Include="CLoggerToFiles.h">
      <Filter>Logging\Loggers</Filter>
    </ClInclude>
    <ClInclude Include="CLoggerToConsole.h">
      <Filter>Logging\Loggers</Filter>
    </ClInclude>
    <ClInclude Include="CLoggerMultiple.h">
      <Filter>Logging\Loggers</Filter>
    </ClInclude>
    <ClInclude Include="Console\console.h">
      <Filter>Logging\Loggers\Console</Filter>
    </ClInclude>
    <ClInclude Include="Console\ConsoleColor.h">
      <Filter>Logging\Loggers\Console</Filter>
    </ClInclude>
    <ClInclude Include="Console\keys.h">
      <Filter>Logging\Loggers\Console</Filter>
    </ClInclude>
    <ClInclude Include="IKernel.h" />
    <ClInclude Include="CGlobalAccessor.h" />
    <ClInclude Include="CKernel.h" />
    <ClInclude Include="Fabian.h" />
    <ClInclude Include="FabianDef.h" />
    <ClInclude Include="IGlobalAccessor.h" />
  </ItemGroup>
  <ItemGroup>
    <ClCompile Include="IInput.cpp">
      <Filter>Input</Filter>
    </ClCompile>
    <ClCompile Include="CLibraryLoader.cpp">
      <Filter>LibraryLoader</Filter>
    </ClCompile>
    <ClCompile Include="CLibrary.cpp">
      <Filter>LibraryLoader</Filter>
    </ClCompile>
    <ClCompile Include="CLog.cpp">
      <Filter>Logging</Filter>
    </ClCompile>
    <ClCompile Include="CLoggerToFiles.cpp">
      <Filter>Logging\Loggers</Filter>
    </ClCompile>
    <ClCompile Include="CLoggerToConsole.cpp">
      <Filter>Logging\Loggers</Filter>
    </ClCompile>
    <ClCompile Include="CLoggerMultiple.cpp">
      <Filter>Logging\Loggers</Filter>
    </ClCompile>
    <ClCompile Include="Console\console.cpp">
      <Filter>Logging\Loggers\Console</Filter>
    </ClCompile>
    <ClCompile Include="CGlobalAccessor.cpp" />
    <ClCompile Include="CKernel.cpp" />
    <ClCompile Include="Fabian.cpp" />
  </ItemGroup>
</Project>